
Microsoft Visual Studio Solution File, Format Version 12.00
# Visual Studio Version 16
VisualStudioVersion = 16.0.30011.22
MinimumVisualStudioVersion = 10.0.40219.1
Project("{FAE04EC0-301F-11D3-BF4B-00C04F79EFBC}") = "IdentitySystem.API", "IdentitySystem.API\IdentitySystem.API.csproj", "{D9FB6F3C-8E5E-4A2D-8826-105293113DFC}"
EndProject
Project("{FAE04EC0-301F-11D3-BF4B-00C04F79EFBC}") = "IdentitySystem.UnitTests", "IdentitySystem.UnitTests\IdentitySystem.UnitTests.csproj", "{42FD8C37-4EC8-428D-A1D0-B366BE5479C2}"
EndProject
Global
	GlobalSection(SolutionConfigurationPlatforms) = preSolution
		Debug|Any CPU = Debug|Any CPU
		Release|Any CPU = Release|Any CPU
	EndGlobalSection
	GlobalSection(ProjectConfigurationPlatforms) = postSolution
		{D9FB6F3C-8E5E-4A2D-8826-105293113DFC}.Debug|Any CPU.ActiveCfg = Debug|Any CPU
		{D9FB6F3C-8E5E-4A2D-8826-105293113DFC}.Debug|Any CPU.Build.0 = Debug|Any CPU
		{D9FB6F3C-8E5E-4A2D-8826-105293113DFC}.Release|Any CPU.ActiveCfg = Release|Any CPU
		{D9FB6F3C-8E5E-4A2D-8826-105293113DFC}.Release|Any CPU.Build.0 = Release|Any CPU
		{42FD8C37-4EC8-428D-A1D0-B366BE5479C2}.Debug|Any CPU.ActiveCfg = Debug|Any CPU
		{42FD8C37-4EC8-428D-A1D0-B366BE5479C2}.Debug|Any CPU.Build.0 = Debug|Any CPU
		{42FD8C37-4EC8-428D-A1D0-B366BE5479C2}.Release|Any CPU.ActiveCfg = Release|Any CPU
		{42FD8C37-4EC8-428D-A1D0-B366BE5479C2}.Release|Any CPU.Build.0 = Release|Any CPU
	EndGlobalSection
	GlobalSection(SolutionProperties) = preSolution
		HideSolutionNode = FALSE
	EndGlobalSection
	GlobalSection(ExtensibilityGlobals) = postSolution
		SolutionGuid = {C893FCED-B3D3-45A5-9953-58FD6EF66386}
	EndGlobalSection
EndGlobal
